// !$*UTF8*$!
{
	archiveVersion = 1;
	classes = {
	};
	objectVersion = 56;
	objects = {

/* Begin PBXBuildFile section */
		A100000100000001 /* MacAndroidApp.swift in Sources */ = {isa = PBXBuildFile; fileRef = A100000200000001 /* MacAndroidApp.swift */; };
		A100000100000002 /* ContentView.swift in Sources */ = {isa = PBXBuildFile; fileRef = A100000200000002 /* ContentView.swift */; };
		A100000100000003 /* AdbService.swift in Sources */ = {isa = PBXBuildFile; fileRef = A100000200000003 /* AdbService.swift */; };
		A100000100000004 /* RemoteFile.swift in Sources */ = {isa = PBXBuildFile; fileRef = A100000200000005 /* RemoteFile.swift */; };
		A100000100000005 /* FileExplorerView.swift in Sources */ = {isa = PBXBuildFile; fileRef = A100000200000006 /* FileExplorerView.swift */; };
		A100000100000006 /* StorageVolume.swift in Sources */ = {isa = PBXBuildFile; fileRef = A100000200000007 /* StorageVolume.swift */; };
		A100000100000007 /* StorageView.swift in Sources */ = {isa = PBXBuildFile; fileRef = A100000200000008 /* StorageView.swift */; };
		A100000100000008 /* Assets.xcassets in Resources */ = {isa = PBXBuildFile; fileRef = A100000200000009 /* Assets.xcassets */; };
/* End PBXBuildFile section */

/* Begin PBXFileReference section */
		A100000200000001 /* MacAndroidApp.swift */ = {isa = PBXFileReference; lastKnownFileType = sourcecode.swift; path = MacAndroidApp.swift; sourceTree = "<group>"; };
		A100000200000002 /* ContentView.swift */ = {isa = PBXFileReference; lastKnownFileType = sourcecode.swift; path = ContentView.swift; sourceTree = "<group>"; };
		A100000200000003 /* AdbService.swift */ = {isa = PBXFileReference; lastKnownFileType = sourcecode.swift; path = AdbService.swift; sourceTree = "<group>"; };
		A100000200000005 /* RemoteFile.swift */ = {isa = PBXFileReference; lastKnownFileType = sourcecode.swift; path = RemoteFile.swift; sourceTree = "<group>"; };
		A100000200000006 /* FileExplorerView.swift */ = {isa = PBXFileReference; lastKnownFileType = sourcecode.swift; path = FileExplorerView.swift; sourceTree = "<group>"; };
		A100000200000007 /* StorageVolume.swift */ = {isa = PBXFileReference; lastKnownFileType = sourcecode.swift; path = StorageVolume.swift; sourceTree = "<group>"; };
		A100000200000008 /* StorageView.swift */ = {isa = PBXFileReference; lastKnownFileType = sourcecode.swift; path = StorageView.swift; sourceTree = "<group>"; };
		A100000200000009 /* Assets.xcassets */ = {isa = PBXFileReference; lastKnownFileType = folder.assetcatalog; path = Assets.xcassets; sourceTree = "<group>"; };
		A100000200000004 /* Info.plist */ = {isa = PBXFileReference; lastKnownFileType = text.plist.xml; path = Info.plist; sourceTree = "<group>"; };
		A100000200000010 /* MacAndroid.entitlements */ = {isa = PBXFileReference; lastKnownFileType = text.plist.entitlements; path = MacAndroid.entitlements; sourceTree = "<group>"; };
		A100000300000001 /* mac-android.app */ = {isa = PBXFileReference; explicitFileType = wrapper.application; includeInIndex = 0; path = "mac-android.app"; sourceTree = BUILT_PRODUCTS_DIR; };
/* End PBXFileReference section */

/* Begin PBXGroup section */
		A100000400000001 = {
			isa = PBXGroup;
			children = (
				A100000400000002 /* MacAndroid */,
				A100000400000003 /* Products */,
			);
			sourceTree = "<group>";
		};
		A100000400000002 /* MacAndroid */ = {
			isa = PBXGroup;
			children = (
				A100000200000001 /* MacAndroidApp.swift */,
				A100000200000002 /* ContentView.swift */,
				A100000200000003 /* AdbService.swift */,
				A100000200000005 /* RemoteFile.swift */,
				A100000200000006 /* FileExplorerView.swift */,
				A100000200000007 /* StorageVolume.swift */,
				A100000200000008 /* StorageView.swift */,
				A100000200000009 /* Assets.xcassets */,
				A100000200000004 /* Info.plist */,
				A100000200000010 /* MacAndroid.entitlements */,
			);
			path = MacAndroid;
			sourceTree = "<group>";
		};
		A100000400000003 /* Products */ = {
			isa = PBXGroup;
			children = (
				A100000300000001 /* mac-android.app */,
			);
			name = Products;
			sourceTree = "<group>";
		};
/* End PBXGroup section */

/* Begin PBXNativeTarget section */
		A100000500000001 /* mac-android */ = {
			isa = PBXNativeTarget;
			buildConfigurationList = A100000700000003 /* Build configuration list for PBXNativeTarget "mac-android" */;
			buildPhases = (
				A100000600000001 /* Sources */,
				A100000600000002 /* Resources */,
			);
			buildRules = (
			);
			dependencies = (
			);
			name = "mac-android";
			productName = "mac-android";
			productReference = A100000300000001 /* mac-android.app */;
			productType = "com.apple.product-type.application";
		};
/* End PBXNativeTarget section */

/* Begin PBXProject section */
		A100000800000001 /* Project object */ = {
			isa = PBXProject;
			attributes = {
				BuildIndependentTargetsInParallel = 1;
				LastSwiftUpdateCheck = 1600;
				LastUpgradeCheck = 1600;
			};
			buildConfigurationList = A100000700000001 /* Build configuration list for PBXProject "MacAndroid" */;
			compatibilityVersion = "Xcode 14.0";
			developmentRegion = en;
			hasScannedForEncodings = 0;
			knownRegions = (
				en,
				Base,
			);
			mainGroup = A100000400000001;
			productRefGroup = A100000400000003 /* Products */;
			projectDirPath = "";
			projectRoot = "";
			targets = (
				A100000500000001 /* mac-android */,
			);
		};
/* End PBXProject section */

/* Begin PBXSourcesBuildPhase section */
		A100000600000001 /* Sources */ = {
			isa = PBXSourcesBuildPhase;
			buildActionMask = 2147483647;
			files = (
				A100000100000001 /* MacAndroidApp.swift in Sources */,
				A100000100000002 /* ContentView.swift in Sources */,
				A100000100000003 /* AdbService.swift in Sources */,
				A100000100000004 /* RemoteFile.swift in Sources */,
				A100000100000005 /* FileExplorerView.swift in Sources */,
				A100000100000006 /* StorageVolume.swift in Sources */,
				A100000100000007 /* StorageView.swift in Sources */,
			);
			runOnlyForDeploymentPostprocessing = 0;
		};
/* End PBXSourcesBuildPhase section */

/* Begin PBXResourcesBuildPhase section */
		A100000600000002 /* Resources */ = {
			isa = PBXResourcesBuildPhase;
			buildActionMask = 2147483647;
			files = (
				A100000100000008 /* Assets.xcassets in Resources */,
			);
			runOnlyForDeploymentPostprocessing = 0;
		};
/* End PBXResourcesBuildPhase section */

/* Begin XCBuildConfiguration section */
		A100000900000001 /* Debug */ = {
			isa = XCBuildConfiguration;
			buildSettings = {
				ALWAYS_SEARCH_USER_PATHS = NO;
				CLANG_ENABLE_MODULES = YES;
				COPY_PHASE_STRIP = NO;
				DEBUG_INFORMATION_FORMAT = dwarf;
				GCC_DYNAMIC_NO_PIC = NO;
				GCC_OPTIMIZATION_LEVEL = 0;
				GCC_PREPROCESSOR_DEFINITIONS = (
					"DEBUG=1",
					"$(inherited)",
				);
				MACOSX_DEPLOYMENT_TARGET = 14.0;
				ONLY_ACTIVE_ARCH = YES;
				SDKROOT = macosx;
				SWIFT_ACTIVE_COMPILATION_CONDITIONS = DEBUG;
				SWIFT_OPTIMIZATION_LEVEL = "-Onone";
			};
			name = Debug;
		};
		A100000900000002 /* Release */ = {
			isa = XCBuildConfiguration;
			buildSettings = {
				ALWAYS_SEARCH_USER_PATHS = NO;
				CLANG_ENABLE_MODULES = YES;
				COPY_PHASE_STRIP = NO;
				DEBUG_INFORMATION_FORMAT = "dwarf-with-dsym";
				MACOSX_DEPLOYMENT_TARGET = 14.0;
				SDKROOT = macosx;
				SWIFT_COMPILATION_MODE = wholemodule;
			};
			name = Release;
		};
		A100000900000003 /* Debug */ = {
			isa = XCBuildConfiguration;
			buildSettings = {
				ASSETCATALOG_COMPILER_APPICON_NAME = AppIcon;
				CODE_SIGN_ENTITLEMENTS = MacAndroid/MacAndroid.entitlements;
				CODE_SIGN_IDENTITY = "-";
				CURRENT_PROJECT_VERSION = 1;
				ENABLE_PREVIEWS = YES;
				GENERATE_INFOPLIST_FILE = NO;
				INFOPLIST_FILE = MacAndroid/Info.plist;
				LD_RUNPATH_SEARCH_PATHS = (
					"$(inherited)",
					"@executable_path/../Frameworks",
				);
				MARKETING_VERSION = "0.1.0-beta";
				PRODUCT_BUNDLE_IDENTIFIER = dev.mac-android.gui;
				PRODUCT_NAME = "mac-android";
				SWIFT_EMIT_LOC_STRINGS = YES;
				SWIFT_VERSION = 5.0;
			};
			name = Debug;
		};
		A100000900000004 /* Release */ = {
			isa = XCBuildConfiguration;
			buildSettings = {
				ASSETCATALOG_COMPILER_APPICON_NAME = AppIcon;
				CODE_SIGN_ENTITLEMENTS = MacAndroid/MacAndroid.entitlements;
				CODE_SIGN_IDENTITY = "-";
				CURRENT_PROJECT_VERSION = 1;
				ENABLE_HARDENED_RUNTIME = YES;
				ENABLE_PREVIEWS = YES;
				GENERATE_INFOPLIST_FILE = NO;
				INFOPLIST_FILE = MacAndroid/Info.plist;
				LD_RUNPATH_SEARCH_PATHS = (
					"$(inherited)",
					"@executable_path/../Frameworks",
				);
				MARKETING_VERSION = "0.1.0-beta";
				PRODUCT_BUNDLE_IDENTIFIER = dev.mac-android.gui;
				PRODUCT_NAME = "mac-android";
				SWIFT_EMIT_LOC_STRINGS = YES;
				SWIFT_VERSION = 5.0;
			};
			name = Release;
		};
/* End XCBuildConfiguration section */

/* Begin XCConfigurationList section */
		A100000700000001 /* Build configuration list for PBXProject "MacAndroid" */ = {
			isa = XCConfigurationList;
			buildConfigurations = (
				A100000900000001 /* Debug */,
				A100000900000002 /* Release */,
			);
			defaultConfigurationIsVisible = 0;
			defaultConfigurationName = Release;
		};
		A100000700000003 /* Build configuration list for PBXNativeTarget "mac-android" */ = {
			isa = XCConfigurationList;
			buildConfigurations = (
				A100000900000003 /* Debug */,
				A100000900000004 /* Release */,
			);
			defaultConfigurationIsVisible = 0;
			defaultConfigurationName = Release;
		};
/* End XCConfigurationList section */
	};
	rootObject = A100000800000001 /* Project object */;
}
